
Microsoft Visual Studio Solution File, Format Version 12.00
# Visual Studio Version 17
VisualStudioVersion = 17.9.34728.123
MinimumVisualStudioVersion = 10.0.40219.1
Project("{FAE04EC0-301F-11D3-BF4B-00C04F79EFBC}") = "Clinic_Booking", "Clinic_Booking.csproj", "{F858B6AE-9DCF-4F30-9D1A-ED0DD624B409}"
EndProject
Project("{FAE04EC0-301F-11D3-BF4B-00C04F79EFBC}") = "Clinic_Booking.Tests", "..\Clinic_Booking.Tests\Clinic_Booking.Tests.csproj", "{A349953C-4FC2-4DDA-BD5A-BD20419F3D14}"
EndProject
Global
	GlobalSection(SolutionConfigurationPlatforms) = preSolution
		Debug|Any CPU = Debug|Any CPU
		Debug|x64 = Debug|x64
		Debug|x86 = Debug|x86
		Release|Any CPU = Release|Any CPU
		Release|x64 = Release|x64
		Release|x86 = Release|x86
	EndGlobalSection
	GlobalSection(ProjectConfigurationPlatforms) = postSolution
		{F858B6AE-9DCF-4F30-9D1A-ED0DD624B409}.Debug|Any CPU.ActiveCfg = Debug|Any CPU
		{F858B6AE-9DCF-4F30-9D1A-ED0DD624B409}.Debug|Any CPU.Build.0 = Debug|Any CPU
		{F858B6AE-9DCF-4F30-9D1A-ED0DD624B409}.Debug|x64.ActiveCfg = Debug|Any CPU
		{F858B6AE-9DCF-4F30-9D1A-ED0DD624B409}.Debug|x64.Build.0 = Debug|Any CPU
		{F858B6AE-9DCF-4F30-9D1A-ED0DD624B409}.Debug|x86.ActiveCfg = Debug|Any CPU
		{F858B6AE-9DCF-4F30-9D1A-ED0DD624B409}.Debug|x86.Build.0 = Debug|Any CPU
		{F858B6AE-9DCF-4F30-9D1A-ED0DD624B409}.Release|Any CPU.ActiveCfg = Release|Any CPU
		{F858B6AE-9DCF-4F30-9D1A-ED0DD624B409}.Release|Any CPU.Build.0 = Release|Any CPU
		{F858B6AE-9DCF-4F30-9D1A-ED0DD624B409}.Release|x64.ActiveCfg = Release|Any CPU
		{F858B6AE-9DCF-4F30-9D1A-ED0DD624B409}.Release|x64.Build.0 = Release|Any CPU
		{F858B6AE-9DCF-4F30-9D1A-ED0DD624B409}.Release|x86.ActiveCfg = Release|Any CPU
		{F858B6AE-9DCF-4F30-9D1A-ED0DD624B409}.Release|x86.Build.0 = Release|Any CPU
		{A349953C-4FC2-4DDA-BD5A-BD20419F3D14}.Debug|Any CPU.ActiveCfg = Debug|Any CPU
		{A349953C-4FC2-4DDA-BD5A-BD20419F3D14}.Debug|Any CPU.Build.0 = Debug|Any CPU
		{A349953C-4FC2-4DDA-BD5A-BD20419F3D14}.Debug|x64.ActiveCfg = Debug|Any CPU
		{A349953C-4FC2-4DDA-BD5A-BD20419F3D14}.Debug|x64.Build.0 = Debug|Any CPU
		{A349953C-4FC2-4DDA-BD5A-BD20419F3D14}.Debug|x86.ActiveCfg = Debug|Any CPU
		{A349953C-4FC2-4DDA-BD5A-BD20419F3D14}.Debug|x86.Build.0 = Debug|Any CPU
		{A349953C-4FC2-4DDA-BD5A-BD20419F3D14}.Release|Any CPU.ActiveCfg = Release|Any CPU
		{A349953C-4FC2-4DDA-BD5A-BD20419F3D14}.Release|Any CPU.Build.0 = Release|Any CPU
		{A349953C-4FC2-4DDA-BD5A-BD20419F3D14}.Release|x64.ActiveCfg = Release|Any CPU
		{A349953C-4FC2-4DDA-BD5A-BD20419F3D14}.Release|x64.Build.0 = Release|Any CPU
		{A349953C-4FC2-4DDA-BD5A-BD20419F3D14}.Release|x86.ActiveCfg = Release|Any CPU
		{A349953C-4FC2-4DDA-BD5A-BD20419F3D14}.Release|x86.Build.0 = Release|Any CPU
	EndGlobalSection
	GlobalSection(SolutionProperties) = preSolution
		HideSolutionNode = FALSE
	EndGlobalSection
	GlobalSection(ExtensibilityGlobals) = postSolution
		SolutionGuid = {D18FDD8A-6444-479C-8970-3FAC3B943CF2}
	EndGlobalSection
EndGlobal
